
Microsoft Visual Studio Solution File, Format Version 12.00
# Visual Studio Version 17
VisualStudioVersion = 17.14.36202.13
MinimumVisualStudioVersion = 10.0.40219.1
Project("{FAE04EC0-301F-11D3-BF4B-00C04F79EFBC}") = "Getir", "Getir.csproj", "{1261E73B-AC76-44D2-821E-667E5F6DE85B}"
EndProject
Project("{FAE04EC0-301F-11D3-BF4B-00C04F79EFBC}") = "Getir.BL", "..\Getir.BL\Getir.BL.csproj", "{21616B8C-AFA0-93AD-584F-1BA5ED68F995}"
EndProject
Project("{FAE04EC0-301F-11D3-BF4B-00C04F79EFBC}") = "Getir.Data", "..\Getir.Data\Getir.Data.csproj", "{A835113A-50E5-9D02-63CC-A3F8E8662732}"
EndProject
Project("{FAE04EC0-301F-11D3-BF4B-00C04F79EFBC}") = "Getir.Contracts", "..\Getir.Contracts\Getir.Contracts.csproj", "{B4C98C03-2C07-243C-6CFD-F5811C5110D3}"
EndProject
Global
	GlobalSection(SolutionConfigurationPlatforms) = preSolution
		Debug|Any CPU = Debug|Any CPU
		Release|Any CPU = Release|Any CPU
	EndGlobalSection
	GlobalSection(ProjectConfigurationPlatforms) = postSolution
		{1261E73B-AC76-44D2-821E-667E5F6DE85B}.Debug|Any CPU.ActiveCfg = Debug|Any CPU
		{1261E73B-AC76-44D2-821E-667E5F6DE85B}.Debug|Any CPU.Build.0 = Debug|Any CPU
		{1261E73B-AC76-44D2-821E-667E5F6DE85B}.Release|Any CPU.ActiveCfg = Release|Any CPU
		{1261E73B-AC76-44D2-821E-667E5F6DE85B}.Release|Any CPU.Build.0 = Release|Any CPU
		{21616B8C-AFA0-93AD-584F-1BA5ED68F995}.Debug|Any CPU.ActiveCfg = Debug|Any CPU
		{21616B8C-AFA0-93AD-584F-1BA5ED68F995}.Debug|Any CPU.Build.0 = Debug|Any CPU
		{21616B8C-AFA0-93AD-584F-1BA5ED68F995}.Release|Any CPU.ActiveCfg = Release|Any CPU
		{21616B8C-AFA0-93AD-584F-1BA5ED68F995}.Release|Any CPU.Build.0 = Release|Any CPU
		{A835113A-50E5-9D02-63CC-A3F8E8662732}.Debug|Any CPU.ActiveCfg = Debug|Any CPU
		{A835113A-50E5-9D02-63CC-A3F8E8662732}.Debug|Any CPU.Build.0 = Debug|Any CPU
		{A835113A-50E5-9D02-63CC-A3F8E8662732}.Release|Any CPU.ActiveCfg = Release|Any CPU
		{A835113A-50E5-9D02-63CC-A3F8E8662732}.Release|Any CPU.Build.0 = Release|Any CPU
		{B4C98C03-2C07-243C-6CFD-F5811C5110D3}.Debug|Any CPU.ActiveCfg = Debug|Any CPU
		{B4C98C03-2C07-243C-6CFD-F5811C5110D3}.Debug|Any CPU.Build.0 = Debug|Any CPU
		{B4C98C03-2C07-243C-6CFD-F5811C5110D3}.Release|Any CPU.ActiveCfg = Release|Any CPU
		{B4C98C03-2C07-243C-6CFD-F5811C5110D3}.Release|Any CPU.Build.0 = Release|Any CPU
	EndGlobalSection
	GlobalSection(SolutionProperties) = preSolution
		HideSolutionNode = FALSE
	EndGlobalSection
	GlobalSection(ExtensibilityGlobals) = postSolution
		SolutionGuid = {DB33F56C-85D0-4F58-A721-9CD3CB79EF67}
	EndGlobalSection
EndGlobal
